
Microsoft Visual Studio Solution File, Format Version 12.00
# Visual Studio Version 17
VisualStudioVersion = 17.5.33627.172
MinimumVisualStudioVersion = 10.0.40219.1
Project("{9A19103F-16F7-4668-BE54-9A1E7A4F7556}") = "School_Project", "School_Project\School_Project.csproj", "{43436AD4-09F1-4E9F-A4D9-62202C1CF331}"
EndProject
Project("{FAE04EC0-301F-11D3-BF4B-00C04F79EFBC}") = "School_Watchdog", "School_Watchdog\School_Watchdog.csproj", "{FB3BD5A3-F6A6-4E6B-8D33-DBC7AC0C3A92}"
EndProject
Global
	GlobalSection(SolutionConfigurationPlatforms) = preSolution
		Debug|Any CPU = Debug|Any CPU
		Release|Any CPU = Release|Any CPU
	EndGlobalSection
	GlobalSection(ProjectConfigurationPlatforms) = postSolution
		{43436AD4-09F1-4E9F-A4D9-62202C1CF331}.Debug|Any CPU.ActiveCfg = Debug|Any CPU
		{43436AD4-09F1-4E9F-A4D9-62202C1CF331}.Debug|Any CPU.Build.0 = Debug|Any CPU
		{43436AD4-09F1-4E9F-A4D9-62202C1CF331}.Release|Any CPU.ActiveCfg = Release|Any CPU
		{43436AD4-09F1-4E9F-A4D9-62202C1CF331}.Release|Any CPU.Build.0 = Release|Any CPU
		{FB3BD5A3-F6A6-4E6B-8D33-DBC7AC0C3A92}.Debug|Any CPU.ActiveCfg = Debug|Any CPU
		{FB3BD5A3-F6A6-4E6B-8D33-DBC7AC0C3A92}.Debug|Any CPU.Build.0 = Debug|Any CPU
		{FB3BD5A3-F6A6-4E6B-8D33-DBC7AC0C3A92}.Release|Any CPU.ActiveCfg = Release|Any CPU
		{FB3BD5A3-F6A6-4E6B-8D33-DBC7AC0C3A92}.Release|Any CPU.Build.0 = Release|Any CPU
	EndGlobalSection
	GlobalSection(SolutionProperties) = preSolution
		HideSolutionNode = FALSE
	EndGlobalSection
	GlobalSection(ExtensibilityGlobals) = postSolution
		SolutionGuid = {0059A65D-EE2C-463D-B3CB-98E8D437E6F9}
	EndGlobalSection
EndGlobal
